
Microsoft Visual Studio Solution File, Format Version 12.00
# Visual Studio Version 16
VisualStudioVersion = 16.0.33529.622
MinimumVisualStudioVersion = 10.0.40219.1
Project("{FAE04EC0-301F-11D3-BF4B-00C04F79EFBC}") = "MiProyectodeConsola", "MiProyectodeConsola\MiProyectodeConsola.csproj", "{33F3EF44-65FD-4C6D-9DE3-B85F416DFD75}"
EndProject
Project("{FAE04EC0-301F-11D3-BF4B-00C04F79EFBC}") = "EL", "EL\EL.csproj", "{25C5BD09-C95C-4FA2-880B-111B61B2BD71}"
EndProject
Project("{FAE04EC0-301F-11D3-BF4B-00C04F79EFBC}") = "DAL", "DAL\DAL.csproj", "{F326317A-4265-4063-B5DC-48FB38D6E04C}"
EndProject
Project("{FAE04EC0-301F-11D3-BF4B-00C04F79EFBC}") = "BLL", "BLL\BLL.csproj", "{8D29FF3A-FCB4-4F52-94C0-4133774A1CC7}"
EndProject
Global
	GlobalSection(SolutionConfigurationPlatforms) = preSolution
		Debug|Any CPU = Debug|Any CPU
		Release|Any CPU = Release|Any CPU
	EndGlobalSection
	GlobalSection(ProjectConfigurationPlatforms) = postSolution
		{33F3EF44-65FD-4C6D-9DE3-B85F416DFD75}.Debug|Any CPU.ActiveCfg = Debug|Any CPU
		{33F3EF44-65FD-4C6D-9DE3-B85F416DFD75}.Debug|Any CPU.Build.0 = Debug|Any CPU
		{33F3EF44-65FD-4C6D-9DE3-B85F416DFD75}.Release|Any CPU.ActiveCfg = Release|Any CPU
		{33F3EF44-65FD-4C6D-9DE3-B85F416DFD75}.Release|Any CPU.Build.0 = Release|Any CPU
		{25C5BD09-C95C-4FA2-880B-111B61B2BD71}.Debug|Any CPU.ActiveCfg = Debug|Any CPU
		{25C5BD09-C95C-4FA2-880B-111B61B2BD71}.Debug|Any CPU.Build.0 = Debug|Any CPU
		{25C5BD09-C95C-4FA2-880B-111B61B2BD71}.Release|Any CPU.ActiveCfg = Release|Any CPU
		{25C5BD09-C95C-4FA2-880B-111B61B2BD71}.Release|Any CPU.Build.0 = Release|Any CPU
		{F326317A-4265-4063-B5DC-48FB38D6E04C}.Debug|Any CPU.ActiveCfg = Debug|Any CPU
		{F326317A-4265-4063-B5DC-48FB38D6E04C}.Debug|Any CPU.Build.0 = Debug|Any CPU
		{F326317A-4265-4063-B5DC-48FB38D6E04C}.Release|Any CPU.ActiveCfg = Release|Any CPU
		{F326317A-4265-4063-B5DC-48FB38D6E04C}.Release|Any CPU.Build.0 = Release|Any CPU
		{8D29FF3A-FCB4-4F52-94C0-4133774A1CC7}.Debug|Any CPU.ActiveCfg = Debug|Any CPU
		{8D29FF3A-FCB4-4F52-94C0-4133774A1CC7}.Debug|Any CPU.Build.0 = Debug|Any CPU
		{8D29FF3A-FCB4-4F52-94C0-4133774A1CC7}.Release|Any CPU.ActiveCfg = Release|Any CPU
		{8D29FF3A-FCB4-4F52-94C0-4133774A1CC7}.Release|Any CPU.Build.0 = Release|Any CPU
	EndGlobalSection
	GlobalSection(SolutionProperties) = preSolution
		HideSolutionNode = FALSE
	EndGlobalSection
	GlobalSection(ExtensibilityGlobals) = postSolution
		SolutionGuid = {45B3B4B5-4992-4872-B721-6713BDE9C245}
	EndGlobalSection
EndGlobal
